
Microsoft Visual Studio Solution File, Format Version 12.00
# Visual Studio Version 16
VisualStudioVersion = 16.0.33423.256
MinimumVisualStudioVersion = 10.0.40219.1
Project("{FAE04EC0-301F-11D3-BF4B-00C04F79EFBC}") = "businessProject1", "businessProject1\businessProject1.csproj", "{05F1706C-1647-413E-A2D1-17D662A8E5A5}"
EndProject
Global
	GlobalSection(SolutionConfigurationPlatforms) = preSolution
		Debug|Any CPU = Debug|Any CPU
		Release|Any CPU = Release|Any CPU
	EndGlobalSection
	GlobalSection(ProjectConfigurationPlatforms) = postSolution
		{05F1706C-1647-413E-A2D1-17D662A8E5A5}.Debug|Any CPU.ActiveCfg = Debug|Any CPU
		{05F1706C-1647-413E-A2D1-17D662A8E5A5}.Debug|Any CPU.Build.0 = Debug|Any CPU
		{05F1706C-1647-413E-A2D1-17D662A8E5A5}.Release|Any CPU.ActiveCfg = Release|Any CPU
		{05F1706C-1647-413E-A2D1-17D662A8E5A5}.Release|Any CPU.Build.0 = Release|Any CPU
	EndGlobalSection
	GlobalSection(SolutionProperties) = preSolution
		HideSolutionNode = FALSE
	EndGlobalSection
	GlobalSection(ExtensibilityGlobals) = postSolution
		SolutionGuid = {291E7D6A-939A-4190-8E80-B795AA42976A}
	EndGlobalSection
EndGlobal
