
Microsoft Visual Studio Solution File, Format Version 12.00
# Visual Studio Version 16
VisualStudioVersion = 16.0.33423.256
MinimumVisualStudioVersion = 10.0.40219.1
Project("{FAE04EC0-301F-11D3-BF4B-00C04F79EFBC}") = "week2task1", "week2task1\week2task1.csproj", "{9CC5F93F-7126-4236-B962-F4E25C9E99C8}"
EndProject
Global
	GlobalSection(SolutionConfigurationPlatforms) = preSolution
		Debug|Any CPU = Debug|Any CPU
		Release|Any CPU = Release|Any CPU
	EndGlobalSection
	GlobalSection(ProjectConfigurationPlatforms) = postSolution
		{9CC5F93F-7126-4236-B962-F4E25C9E99C8}.Debug|Any CPU.ActiveCfg = Debug|Any CPU
		{9CC5F93F-7126-4236-B962-F4E25C9E99C8}.Debug|Any CPU.Build.0 = Debug|Any CPU
		{9CC5F93F-7126-4236-B962-F4E25C9E99C8}.Release|Any CPU.ActiveCfg = Release|Any CPU
		{9CC5F93F-7126-4236-B962-F4E25C9E99C8}.Release|Any CPU.Build.0 = Release|Any CPU
	EndGlobalSection
	GlobalSection(SolutionProperties) = preSolution
		HideSolutionNode = FALSE
	EndGlobalSection
	GlobalSection(ExtensibilityGlobals) = postSolution
		SolutionGuid = {FFA85D7D-747D-44A4-A20A-FA7A3BAC22D1}
	EndGlobalSection
EndGlobal
